
Microsoft Visual Studio Solution File, Format Version 12.00
# Visual Studio Version 17
VisualStudioVersion = 17.8.34525.116
MinimumVisualStudioVersion = 10.0.40219.1
Project("{FAE04EC0-301F-11D3-BF4B-00C04F79EFBC}") = "ConsoleAppCalcCaso", "ConsoleAppCalcCaso\ConsoleAppCalcCaso.csproj", "{C43AC4C3-3CE1-4044-AA8B-7E5CE6732065}"
EndProject
Global
	GlobalSection(SolutionConfigurationPlatforms) = preSolution
		Debug|Any CPU = Debug|Any CPU
		Release|Any CPU = Release|Any CPU
	EndGlobalSection
	GlobalSection(ProjectConfigurationPlatforms) = postSolution
		{C43AC4C3-3CE1-4044-AA8B-7E5CE6732065}.Debug|Any CPU.ActiveCfg = Debug|Any CPU
		{C43AC4C3-3CE1-4044-AA8B-7E5CE6732065}.Debug|Any CPU.Build.0 = Debug|Any CPU
		{C43AC4C3-3CE1-4044-AA8B-7E5CE6732065}.Release|Any CPU.ActiveCfg = Release|Any CPU
		{C43AC4C3-3CE1-4044-AA8B-7E5CE6732065}.Release|Any CPU.Build.0 = Release|Any CPU
	EndGlobalSection
	GlobalSection(SolutionProperties) = preSolution
		HideSolutionNode = FALSE
	EndGlobalSection
	GlobalSection(ExtensibilityGlobals) = postSolution
		SolutionGuid = {B86C5072-7E26-47CC-A051-A7EEC28C48BE}
	EndGlobalSection
EndGlobal
